
Microsoft Visual Studio Solution File, Format Version 12.00
# Visual Studio 2013
VisualStudioVersion = 12.0.31101.0
MinimumVisualStudioVersion = 10.0.40219.1
Project("{FAE04EC0-301F-11D3-BF4B-00C04F79EFBC}") = "RoachFrontend", "RoachFrontend\RoachFrontend.csproj", "{E83E49E0-339E-4236-9778-A2ADEDA1F8BA}"
EndProject
Global
	GlobalSection(SolutionConfigurationPlatforms) = preSolution
		Debug|Any CPU = Debug|Any CPU
		Release|Any CPU = Release|Any CPU
	EndGlobalSection
	GlobalSection(ProjectConfigurationPlatforms) = postSolution
		{E83E49E0-339E-4236-9778-A2ADEDA1F8BA}.Debug|Any CPU.ActiveCfg = Debug|Any CPU
		{E83E49E0-339E-4236-9778-A2ADEDA1F8BA}.Debug|Any CPU.Build.0 = Debug|Any CPU
		{E83E49E0-339E-4236-9778-A2ADEDA1F8BA}.Release|Any CPU.ActiveCfg = Release|Any CPU
		{E83E49E0-339E-4236-9778-A2ADEDA1F8BA}.Release|Any CPU.Build.0 = Release|Any CPU
	EndGlobalSection
	GlobalSection(SolutionProperties) = preSolution
		HideSolutionNode = FALSE
	EndGlobalSection
EndGlobal
